
Microsoft Visual Studio Solution File, Format Version 12.00
# Visual Studio Version 16
VisualStudioVersion = 16.0.32228.343
MinimumVisualStudioVersion = 10.0.40219.1
Project("{FAE04EC0-301F-11D3-BF4B-00C04F79EFBC}") = "MainConsole", "MainConsole\MainConsole.csproj", "{F7C80217-8D9A-4EAC-890D-1601E5A02268}"
EndProject
Global
	GlobalSection(SolutionConfigurationPlatforms) = preSolution
		Debug|Any CPU = Debug|Any CPU
		Release|Any CPU = Release|Any CPU
	EndGlobalSection
	GlobalSection(ProjectConfigurationPlatforms) = postSolution
		{F7C80217-8D9A-4EAC-890D-1601E5A02268}.Debug|Any CPU.ActiveCfg = Debug|Any CPU
		{F7C80217-8D9A-4EAC-890D-1601E5A02268}.Debug|Any CPU.Build.0 = Debug|Any CPU
		{F7C80217-8D9A-4EAC-890D-1601E5A02268}.Release|Any CPU.ActiveCfg = Release|Any CPU
		{F7C80217-8D9A-4EAC-890D-1601E5A02268}.Release|Any CPU.Build.0 = Release|Any CPU
	EndGlobalSection
	GlobalSection(SolutionProperties) = preSolution
		HideSolutionNode = FALSE
	EndGlobalSection
	GlobalSection(ExtensibilityGlobals) = postSolution
		SolutionGuid = {FC6FA2FE-7F3F-404E-B86C-52970C255BDB}
	EndGlobalSection
EndGlobal
